
Microsoft Visual Studio Solution File, Format Version 12.00
# Visual Studio 15
VisualStudioVersion = 15.0.28307.136
MinimumVisualStudioVersion = 10.0.40219.1
Project("{FAE04EC0-301F-11D3-BF4B-00C04F79EFBC}") = "Infraestructure.Api.ModelAnalizer", "Infraestructure.Api.ModelAnalizer\Infraestructure.Api.ModelAnalizer.csproj", "{F099556C-5B7B-4928-A8D7-A544A5302FE2}"
EndProject
Project("{FAE04EC0-301F-11D3-BF4B-00C04F79EFBC}") = "Infraestructure.Api.DapperDataAccess", "Infraestructure.Api.DapperDataAccess\Infraestructure.Api.DapperDataAccess.csproj", "{322F840E-2CE9-4598-973D-D5B9245F5A8C}"
EndProject
Project("{FAE04EC0-301F-11D3-BF4B-00C04F79EFBC}") = "Models", "Models\Models.csproj", "{01CC7344-1DAA-485A-A0DA-14CCBD1057EA}"
EndProject
Project("{FAE04EC0-301F-11D3-BF4B-00C04F79EFBC}") = "API", "API\API.csproj", "{5F261755-844A-486E-9C1D-F181B39686AC}"
EndProject
Project("{FAE04EC0-301F-11D3-BF4B-00C04F79EFBC}") = "Application", "Application\Application.csproj", "{293673C0-E792-45B1-B966-56D0D4F53E64}"
EndProject
Project("{FAE04EC0-301F-11D3-BF4B-00C04F79EFBC}") = "Infrastructure.Exception", "Infrastructure.Exception\Infrastructure.Exception.csproj", "{6EA1F049-23CF-4E6E-B782-7D2BDE29D712}"
EndProject
Project("{FAE04EC0-301F-11D3-BF4B-00C04F79EFBC}") = "Infrastructure.Resources", "Infrastructure.Resources\Infrastructure.Resources.csproj", "{0F758DB3-5E9E-4D62-A447-0C6C7546B30A}"
EndProject
Project("{FAE04EC0-301F-11D3-BF4B-00C04F79EFBC}") = "Infrastructure.Utilities", "Infrastructure.Utilities\Infrastructure.Utilities.csproj", "{FC84999A-1CA8-4B60-A320-AA5698DA4DDE}"
EndProject
Global
	GlobalSection(SolutionConfigurationPlatforms) = preSolution
		Debug|Any CPU = Debug|Any CPU
		Release|Any CPU = Release|Any CPU
	EndGlobalSection
	GlobalSection(ProjectConfigurationPlatforms) = postSolution
		{F099556C-5B7B-4928-A8D7-A544A5302FE2}.Debug|Any CPU.ActiveCfg = Debug|Any CPU
		{F099556C-5B7B-4928-A8D7-A544A5302FE2}.Debug|Any CPU.Build.0 = Debug|Any CPU
		{F099556C-5B7B-4928-A8D7-A544A5302FE2}.Release|Any CPU.ActiveCfg = Release|Any CPU
		{F099556C-5B7B-4928-A8D7-A544A5302FE2}.Release|Any CPU.Build.0 = Release|Any CPU
		{322F840E-2CE9-4598-973D-D5B9245F5A8C}.Debug|Any CPU.ActiveCfg = Debug|Any CPU
		{322F840E-2CE9-4598-973D-D5B9245F5A8C}.Debug|Any CPU.Build.0 = Debug|Any CPU
		{322F840E-2CE9-4598-973D-D5B9245F5A8C}.Release|Any CPU.ActiveCfg = Release|Any CPU
		{322F840E-2CE9-4598-973D-D5B9245F5A8C}.Release|Any CPU.Build.0 = Release|Any CPU
		{01CC7344-1DAA-485A-A0DA-14CCBD1057EA}.Debug|Any CPU.ActiveCfg = Debug|Any CPU
		{01CC7344-1DAA-485A-A0DA-14CCBD1057EA}.Debug|Any CPU.Build.0 = Debug|Any CPU
		{01CC7344-1DAA-485A-A0DA-14CCBD1057EA}.Release|Any CPU.ActiveCfg = Release|Any CPU
		{01CC7344-1DAA-485A-A0DA-14CCBD1057EA}.Release|Any CPU.Build.0 = Release|Any CPU
		{5F261755-844A-486E-9C1D-F181B39686AC}.Debug|Any CPU.ActiveCfg = Debug|Any CPU
		{5F261755-844A-486E-9C1D-F181B39686AC}.Debug|Any CPU.Build.0 = Debug|Any CPU
		{5F261755-844A-486E-9C1D-F181B39686AC}.Release|Any CPU.ActiveCfg = Release|Any CPU
		{5F261755-844A-486E-9C1D-F181B39686AC}.Release|Any CPU.Build.0 = Release|Any CPU
		{293673C0-E792-45B1-B966-56D0D4F53E64}.Debug|Any CPU.ActiveCfg = Debug|Any CPU
		{293673C0-E792-45B1-B966-56D0D4F53E64}.Debug|Any CPU.Build.0 = Debug|Any CPU
		{293673C0-E792-45B1-B966-56D0D4F53E64}.Release|Any CPU.ActiveCfg = Release|Any CPU
		{293673C0-E792-45B1-B966-56D0D4F53E64}.Release|Any CPU.Build.0 = Release|Any CPU
		{6EA1F049-23CF-4E6E-B782-7D2BDE29D712}.Debug|Any CPU.ActiveCfg = Debug|Any CPU
		{6EA1F049-23CF-4E6E-B782-7D2BDE29D712}.Debug|Any CPU.Build.0 = Debug|Any CPU
		{6EA1F049-23CF-4E6E-B782-7D2BDE29D712}.Release|Any CPU.ActiveCfg = Release|Any CPU
		{6EA1F049-23CF-4E6E-B782-7D2BDE29D712}.Release|Any CPU.Build.0 = Release|Any CPU
		{0F758DB3-5E9E-4D62-A447-0C6C7546B30A}.Debug|Any CPU.ActiveCfg = Debug|Any CPU
		{0F758DB3-5E9E-4D62-A447-0C6C7546B30A}.Debug|Any CPU.Build.0 = Debug|Any CPU
		{0F758DB3-5E9E-4D62-A447-0C6C7546B30A}.Release|Any CPU.ActiveCfg = Release|Any CPU
		{0F758DB3-5E9E-4D62-A447-0C6C7546B30A}.Release|Any CPU.Build.0 = Release|Any CPU
		{FC84999A-1CA8-4B60-A320-AA5698DA4DDE}.Debug|Any CPU.ActiveCfg = Debug|Any CPU
		{FC84999A-1CA8-4B60-A320-AA5698DA4DDE}.Debug|Any CPU.Build.0 = Debug|Any CPU
		{FC84999A-1CA8-4B60-A320-AA5698DA4DDE}.Release|Any CPU.ActiveCfg = Release|Any CPU
		{FC84999A-1CA8-4B60-A320-AA5698DA4DDE}.Release|Any CPU.Build.0 = Release|Any CPU
	EndGlobalSection
	GlobalSection(SolutionProperties) = preSolution
		HideSolutionNode = FALSE
	EndGlobalSection
	GlobalSection(ExtensibilityGlobals) = postSolution
		SolutionGuid = {C5216FDB-37D2-49B1-9FA2-F9C88338423B}
	EndGlobalSection
EndGlobal
